PODS:
  - DBGHTMLEntities (0.1.0)
  - Expecta (0.3.0)
  - Specta (0.2.1)

DEPENDENCIES:
  - DBGHTMLEntities (from `../`)
  - Expecta (~> 0.3.0)
  - Specta (~> 0.2.1)

EXTERNAL SOURCES:
  DBGHTMLEntities:
    :path: ../

SPEC CHECKSUMS:
  DBGHTMLEntities: 5b86465a1708959d750cba332202a68b50c4e240
  Expecta: 322f1dc42610106a5ba9871b4924cf1635d80833
  Specta: 2d06220591110c6d9757d8be8ecf8e63aa40dc2a

COCOAPODS: 0.31.1
