PODS:
  - DBGHTMLEntities (0.2.1)
  - Expecta (0.3.0)
  - FLKAutoLayout (0.1.1)
  - ORStackView (1.1.0):
    - FLKAutoLayout (~> 0.1)
  - Specta (0.2.1)

DEPENDENCIES:
  - DBGHTMLEntities (from `../DBGHTMLEntities.podspec`)
  - Expecta (~> 0.3.0)
  - ORStackView
  - Specta (~> 0.2.1)

EXTERNAL SOURCES:
  DBGHTMLEntities:
    :path: "../DBGHTMLEntities.podspec"

SPEC CHECKSUMS:
  DBGHTMLEntities: 558cd7cab556fdb05546f4d2af9803c1bbf29564
  Expecta: 917bda2935b63ca7175741b8cf1b26796db6205f
  FLKAutoLayout: 95b12c5cd9652100235140b68652f063f7437851
  ORStackView: 0c88982db15c1c383c323a398701aefb0bf85c15
  Specta: 15a276a6343867b426d5ed135d5aa4d04123a573

PODFILE CHECKSUM: 71ad51d588c6db3a60674f21265e723719113e56

COCOAPODS: 1.0.0.beta.5
