PODS:
  - DBGHTMLEntities (1.2.0)
  - Expecta (1.0.6)
  - Specta (1.0.7)

DEPENDENCIES:
  - DBGHTMLEntities (from `../DBGHTMLEntities.podspec`)
  - Expecta (~> 1.0)
  - Specta (~> 1.0)

SPEC REPOS:
  trunk:
    - Expecta
    - Specta

EXTERNAL SOURCES:
  DBGHTMLEntities:
    :path: "../DBGHTMLEntities.podspec"

SPEC CHECKSUMS:
  DBGHTMLEntities: 9a169079970f97228098b85f3f7050d908a921c5
  Expecta: 3b6bd90a64b9a1dcb0b70aa0e10a7f8f631667d5
  Specta: 3e1bd89c3517421982dc4d1c992503e48bd5fe66

PODFILE CHECKSUM: eb6b11c2c81dfdccbea3ee6550d8e35b00739325

COCOAPODS: 1.11.2
