// !$*UTF8*$!
{
	archiveVersion = 1;
	classes = {
	};
	objectVersion = 46;
	objects = {

/* Begin PBXBuildFile section */
		2906CB4121DD52AB006D03AE /* LaunchScreen.storyboard in Resources */ = {isa = PBXBuildFile; fileRef = 2906CB4021DD52AB006D03AE /* LaunchScreen.storyboard */; };
		5513F53318FECDFA0029581D /* DBGLabels.m in Sources */ = {isa = PBXBuildFile; fileRef = 5513F53218FECDFA0029581D /* DBGLabels.m */; };
		554BF4EF18F718E600AC2DE0 /* Foundation.framework in Frameworks */ = {isa = PBXBuildFile; fileRef = 554BF4EE18F718E600AC2DE0 /* Foundation.framework */; };
		554BF4F118F718E600AC2DE0 /* CoreGraphics.framework in Frameworks */ = {isa = PBXBuildFile; fileRef = 554BF4F018F718E600AC2DE0 /* CoreGraphics.framework */; };
		554BF4F318F718E600AC2DE0 /* UIKit.framework in Frameworks */ = {isa = PBXBuildFile; fileRef = 554BF4F218F718E600AC2DE0 /* UIKit.framework */; };
		554BF4F918F718E600AC2DE0 /* InfoPlist.strings in Resources */ = {isa = PBXBuildFile; fileRef = 554BF4F718F718E600AC2DE0 /* InfoPlist.strings */; };
		554BF4FB18F718E600AC2DE0 /* main.m in Sources */ = {isa = PBXBuildFile; fileRef = 554BF4FA18F718E600AC2DE0 /* main.m */; };
		554BF4FF18F718E600AC2DE0 /* DBGAppDelegate.m in Sources */ = {isa = PBXBuildFile; fileRef = 554BF4FE18F718E600AC2DE0 /* DBGAppDelegate.m */; };
		554BF50118F718E600AC2DE0 /* Images.xcassets in Resources */ = {isa = PBXBuildFile; fileRef = 554BF50018F718E600AC2DE0 /* Images.xcassets */; };
		554BF50818F718E700AC2DE0 /* XCTest.framework in Frameworks */ = {isa = PBXBuildFile; fileRef = 554BF50718F718E700AC2DE0 /* XCTest.framework */; };
		554BF50918F718E700AC2DE0 /* Foundation.framework in Frameworks */ = {isa = PBXBuildFile; fileRef = 554BF4EE18F718E600AC2DE0 /* Foundation.framework */; };
		554BF50A18F718E700AC2DE0 /* UIKit.framework in Frameworks */ = {isa = PBXBuildFile; fileRef = 554BF4F218F718E600AC2DE0 /* UIKit.framework */; };
		554BF51218F718E700AC2DE0 /* InfoPlist.strings in Resources */ = {isa = PBXBuildFile; fileRef = 554BF51018F718E700AC2DE0 /* InfoPlist.strings */; };
		554BF52018F7217A00AC2DE0 /* DecoderSpec.m in Sources */ = {isa = PBXBuildFile; fileRef = 554BF51F18F7217A00AC2DE0 /* DecoderSpec.m */; };
		554BF52E18F7297500AC2DE0 /* DecodeMapSpec.m in Sources */ = {isa = PBXBuildFile; fileRef = 554BF52C18F7297500AC2DE0 /* DecodeMapSpec.m */; };
		554BF53418F884F900AC2DE0 /* DBGExampleViewController.m in Sources */ = {isa = PBXBuildFile; fileRef = 554BF53318F884F900AC2DE0 /* DBGExampleViewController.m */; };
		55513FB218FC613F00EAF893 /* EncoderSpec.m in Sources */ = {isa = PBXBuildFile; fileRef = 55513FB118FC613F00EAF893 /* EncoderSpec.m */; };
		55513FB818FC83C000EAF893 /* EncoderMapSpec.m in Sources */ = {isa = PBXBuildFile; fileRef = 55513FB718FC83C000EAF893 /* EncoderMapSpec.m */; };
		55632C32190370C500AE50F1 /* RoundTripSpec.m in Sources */ = {isa = PBXBuildFile; fileRef = 55632C31190370C500AE50F1 /* RoundTripSpec.m */; };
		C9FC0CED214BF55641415D9F /* Pods_DBGHTMLEntitiesExampleTests.framework in Frameworks */ = {isa = PBXBuildFile; fileRef = D3E78F46E47CF1ACDB1A8A42 /* Pods_DBGHTMLEntitiesExampleTests.framework */; };
		F3A8ADBFD30879EDB95E35F8 /* Pods_DBGHTMLEntitiesExample.framework in Frameworks */ = {isa = PBXBuildFile; fileRef = 78B465E236D3414F11C270D4 /* Pods_DBGHTMLEntitiesExample.framework */; };
/* End PBXBuildFile section */

/* Begin PBXContainerItemProxy section */
		554BF50B18F718E700AC2DE0 /* PBXContainerItemProxy */ = {
			isa = PBXContainerItemProxy;
			containerPortal = 554BF4E318F718E600AC2DE0 /* Project object */;
			proxyType = 1;
			remoteGlobalIDString = 554BF4EA18F718E600AC2DE0;
			remoteInfo = DBGHTMLEntitiesExample;
		};
/* End PBXContainerItemProxy section */

/* Begin PBXFileReference section */
		07B716E5A89C5D419DDAE2EC /* Pods-DBGHTMLEntitiesExampleTests.debug.xcconfig */ = {isa = PBXFileReference; includeInIndex = 1; lastKnownFileType = text.xcconfig; name = "Pods-DBGHTMLEntitiesExampleTests.debug.xcconfig"; path = "Pods/Target Support Files/Pods-DBGHTMLEntitiesExampleTests/Pods-DBGHTMLEntitiesExampleTests.debug.xcconfig"; sourceTree = "<group>"; };
		2906CB4021DD52AB006D03AE /* LaunchScreen.storyboard */ = {isa = PBXFileReference; lastKnownFileType = file.storyboard; path = LaunchScreen.storyboard; sourceTree = "<group>"; };
		5513F53118FECDFA0029581D /* DBGLabels.h */ = {isa = PBXFileReference; fileEncoding = 4; lastKnownFileType = sourcecode.c.h; path = DBGLabels.h; sourceTree = "<group>"; };
		5513F53218FECDFA0029581D /* DBGLabels.m */ = {isa = PBXFileReference; fileEncoding = 4; lastKnownFileType = sourcecode.c.objc; path = DBGLabels.m; sourceTree = "<group>"; };
		5513F535190023690029581D /* DBGHTMLEntityEncoder+Private.h */ = {isa = PBXFileReference; lastKnownFileType = sourcecode.c.h; name = "DBGHTMLEntityEncoder+Private.h"; path = "../Classes/DBGHTMLEntityEncoder+Private.h"; sourceTree = "<group>"; };
		5513F536190023BE0029581D /* DBGHTMLEntityDecoder+Private.h */ = {isa = PBXFileReference; lastKnownFileType = sourcecode.c.h; name = "DBGHTMLEntityDecoder+Private.h"; path = "../Classes/DBGHTMLEntityDecoder+Private.h"; sourceTree = "<group>"; };
		554BF4EB18F718E600AC2DE0 /* DBGHTMLEntitiesExample.app */ = {isa = PBXFileReference; explicitFileType = wrapper.application; includeInIndex = 0; path = DBGHTMLEntitiesExample.app; sourceTree = BUILT_PRODUCTS_DIR; };
		554BF4EE18F718E600AC2DE0 /* Foundation.framework */ = {isa = PBXFileReference; lastKnownFileType = wrapper.framework; name = Foundation.framework; path = System/Library/Frameworks/Foundation.framework; sourceTree = SDKROOT; };
		554BF4F018F718E600AC2DE0 /* CoreGraphics.framework */ = {isa = PBXFileReference; lastKnownFileType = wrapper.framework; name = CoreGraphics.framework; path = System/Library/Frameworks/CoreGraphics.framework; sourceTree = SDKROOT; };
		554BF4F218F718E600AC2DE0 /* UIKit.framework */ = {isa = PBXFileReference; lastKnownFileType = wrapper.framework; name = UIKit.framework; path = System/Library/Frameworks/UIKit.framework; sourceTree = SDKROOT; };
		554BF4F618F718E600AC2DE0 /* DBGHTMLEntitiesExample-Info.plist */ = {isa = PBXFileReference; lastKnownFileType = text.plist.xml; path = "DBGHTMLEntitiesExample-Info.plist"; sourceTree = "<group>"; };
		554BF4F818F718E600AC2DE0 /* en */ = {isa = PBXFileReference; lastKnownFileType = text.plist.strings; name = en; path = en.lproj/InfoPlist.strings; sourceTree = "<group>"; };
		554BF4FA18F718E600AC2DE0 /* main.m */ = {isa = PBXFileReference; lastKnownFileType = sourcecode.c.objc; path = main.m; sourceTree = "<group>"; };
		554BF4FC18F718E600AC2DE0 /* DBGHTMLEntitiesExample-Prefix.pch */ = {isa = PBXFileReference; lastKnownFileType = sourcecode.c.h; path = "DBGHTMLEntitiesExample-Prefix.pch"; sourceTree = "<group>"; };
		554BF4FD18F718E600AC2DE0 /* DBGAppDelegate.h */ = {isa = PBXFileReference; lastKnownFileType = sourcecode.c.h; path = DBGAppDelegate.h; sourceTree = "<group>"; };
		554BF4FE18F718E600AC2DE0 /* DBGAppDelegate.m */ = {isa = PBXFileReference; lastKnownFileType = sourcecode.c.objc; path = DBGAppDelegate.m; sourceTree = "<group>"; };
		554BF50018F718E600AC2DE0 /* Images.xcassets */ = {isa = PBXFileReference; lastKnownFileType = folder.assetcatalog; path = Images.xcassets; sourceTree = "<group>"; };
		554BF50618F718E700AC2DE0 /* DBGHTMLEntitiesExampleTests.xctest */ = {isa = PBXFileReference; explicitFileType = wrapper.cfbundle; includeInIndex = 0; path = DBGHTMLEntitiesExampleTests.xctest; sourceTree = BUILT_PRODUCTS_DIR; };
		554BF50718F718E700AC2DE0 /* XCTest.framework */ = {isa = PBXFileReference; lastKnownFileType = wrapper.framework; name = XCTest.framework; path = Library/Frameworks/XCTest.framework; sourceTree = DEVELOPER_DIR; };
		554BF50F18F718E700AC2DE0 /* DBGHTMLEntitiesExampleTests-Info.plist */ = {isa = PBXFileReference; lastKnownFileType = text.plist.xml; path = "DBGHTMLEntitiesExampleTests-Info.plist"; sourceTree = "<group>"; };
		554BF51118F718E700AC2DE0 /* en */ = {isa = PBXFileReference; lastKnownFileType = text.plist.strings; name = en; path = en.lproj/InfoPlist.strings; sourceTree = "<group>"; };
		554BF51F18F7217A00AC2DE0 /* DecoderSpec.m */ = {isa = PBXFileReference; fileEncoding = 4; lastKnownFileType = sourcecode.c.objc; name = DecoderSpec.m; path = ../../Tests/DecoderSpec.m; sourceTree = "<group>"; };
		554BF52818F7288C00AC2DE0 /* DBGHTMLEntityDecodeMap.h */ = {isa = PBXFileReference; fileEncoding = 4; lastKnownFileType = sourcecode.c.h; name = DBGHTMLEntityDecodeMap.h; path = ../Classes/DBGHTMLEntityDecodeMap.h; sourceTree = "<group>"; };
		554BF52918F7288C00AC2DE0 /* DBGHTMLEntityDecodeMap.m */ = {isa = PBXFileReference; fileEncoding = 4; lastKnownFileType = sourcecode.c.objc; name = DBGHTMLEntityDecodeMap.m; path = ../Classes/DBGHTMLEntityDecodeMap.m; sourceTree = "<group>"; };
		554BF52C18F7297500AC2DE0 /* DecodeMapSpec.m */ = {isa = PBXFileReference; fileEncoding = 4; lastKnownFileType = sourcecode.c.objc; name = DecodeMapSpec.m; path = ../../Tests/DecodeMapSpec.m; sourceTree = "<group>"; };
		554BF52F18F744F500AC2DE0 /* DBGHTMLEntityDecoder.h */ = {isa = PBXFileReference; fileEncoding = 4; lastKnownFileType = sourcecode.c.h; name = DBGHTMLEntityDecoder.h; path = ../Classes/DBGHTMLEntityDecoder.h; sourceTree = "<group>"; };
		554BF53018F744F500AC2DE0 /* DBGHTMLEntityDecoder.m */ = {isa = PBXFileReference; fileEncoding = 4; lastKnownFileType = sourcecode.c.objc; name = DBGHTMLEntityDecoder.m; path = ../Classes/DBGHTMLEntityDecoder.m; sourceTree = "<group>"; };
		554BF53218F884F900AC2DE0 /* DBGExampleViewController.h */ = {isa = PBXFileReference; fileEncoding = 4; lastKnownFileType = sourcecode.c.h; path = DBGExampleViewController.h; sourceTree = "<group>"; };
		554BF53318F884F900AC2DE0 /* DBGExampleViewController.m */ = {isa = PBXFileReference; fileEncoding = 4; lastKnownFileType = sourcecode.c.objc; path = DBGExampleViewController.m; sourceTree = "<group>"; };
		55513FB118FC613F00EAF893 /* EncoderSpec.m */ = {isa = PBXFileReference; fileEncoding = 4; lastKnownFileType = sourcecode.c.objc; name = EncoderSpec.m; path = ../../Tests/EncoderSpec.m; sourceTree = "<group>"; };
		55513FB318FC643900EAF893 /* DBGHTMLEntityEncoder.h */ = {isa = PBXFileReference; lastKnownFileType = sourcecode.c.h; name = DBGHTMLEntityEncoder.h; path = ../Classes/DBGHTMLEntityEncoder.h; sourceTree = "<group>"; };
		55513FB418FC643900EAF893 /* DBGHTMLEntityEncoder.m */ = {isa = PBXFileReference; lastKnownFileType = sourcecode.c.objc; name = DBGHTMLEntityEncoder.m; path = ../Classes/DBGHTMLEntityEncoder.m; sourceTree = "<group>"; };
		55513FB518FC7E9300EAF893 /* DBGHTMLEntityEncodeMap.h */ = {isa = PBXFileReference; lastKnownFileType = sourcecode.c.h; name = DBGHTMLEntityEncodeMap.h; path = ../Classes/DBGHTMLEntityEncodeMap.h; sourceTree = "<group>"; };
		55513FB618FC7E9300EAF893 /* DBGHTMLEntityEncodeMap.m */ = {isa = PBXFileReference; lastKnownFileType = sourcecode.c.objc; name = DBGHTMLEntityEncodeMap.m; path = ../Classes/DBGHTMLEntityEncodeMap.m; sourceTree = "<group>"; };
		55513FB718FC83C000EAF893 /* EncoderMapSpec.m */ = {isa = PBXFileReference; fileEncoding = 4; lastKnownFileType = sourcecode.c.objc; name = EncoderMapSpec.m; path = ../../Tests/EncoderMapSpec.m; sourceTree = "<group>"; };
		55632C31190370C500AE50F1 /* RoundTripSpec.m */ = {isa = PBXFileReference; fileEncoding = 4; lastKnownFileType = sourcecode.c.objc; name = RoundTripSpec.m; path = ../../Tests/RoundTripSpec.m; sourceTree = "<group>"; };
		62A4B0A28FDAE74BA6296B33 /* Pods-DBGHTMLEntitiesExample.debug.xcconfig */ = {isa = PBXFileReference; includeInIndex = 1; lastKnownFileType = text.xcconfig; name = "Pods-DBGHTMLEntitiesExample.debug.xcconfig"; path = "Pods/Target Support Files/Pods-DBGHTMLEntitiesExample/Pods-DBGHTMLEntitiesExample.debug.xcconfig"; sourceTree = "<group>"; };
		78B465E236D3414F11C270D4 /* Pods_DBGHTMLEntitiesExample.framework */ = {isa = PBXFileReference; explicitFileType = wrapper.framework; includeInIndex = 0; path = Pods_DBGHTMLEntitiesExample.framework; sourceTree = BUILT_PRODUCTS_DIR; };
		9A247BEB2610883E3FECDED3 /* Pods-DBGHTMLEntitiesExampleTests.release.xcconfig */ = {isa = PBXFileReference; includeInIndex = 1; lastKnownFileType = text.xcconfig; name = "Pods-DBGHTMLEntitiesExampleTests.release.xcconfig"; path = "Pods/Target Support Files/Pods-DBGHTMLEntitiesExampleTests/Pods-DBGHTMLEntitiesExampleTests.release.xcconfig"; sourceTree = "<group>"; };
		A5156041412F593C132EF7AB /* Pods-DBGHTMLEntitiesExample.release.xcconfig */ = {isa = PBXFileReference; includeInIndex = 1; lastKnownFileType = text.xcconfig; name = "Pods-DBGHTMLEntitiesExample.release.xcconfig"; path = "Pods/Target Support Files/Pods-DBGHTMLEntitiesExample/Pods-DBGHTMLEntitiesExample.release.xcconfig"; sourceTree = "<group>"; };
		D3E78F46E47CF1ACDB1A8A42 /* Pods_DBGHTMLEntitiesExampleTests.framework */ = {isa = PBXFileReference; explicitFileType = wrapper.framework; includeInIndex = 0; path = Pods_DBGHTMLEntitiesExampleTests.framework; sourceTree = BUILT_PRODUCTS_DIR; };
/* End PBXFileReference section */

/* Begin PBXFrameworksBuildPhase section */
		554BF4E818F718E600AC2DE0 /* Frameworks */ = {
			isa = PBXFrameworksBuildPhase;
			buildActionMask = 2147483647;
			files = (
				554BF4F118F718E600AC2DE0 /* CoreGraphics.framework in Frameworks */,
				554BF4F318F718E600AC2DE0 /* UIKit.framework in Frameworks */,
				554BF4EF18F718E600AC2DE0 /* Foundation.framework in Frameworks */,
				F3A8ADBFD30879EDB95E35F8 /* Pods_DBGHTMLEntitiesExample.framework in Frameworks */,
			);
			runOnlyForDeploymentPostprocessing = 0;
		};
		554BF50318F718E700AC2DE0 /* Frameworks */ = {
			isa = PBXFrameworksBuildPhase;
			buildActionMask = 2147483647;
			files = (
				554BF50818F718E700AC2DE0 /* XCTest.framework in Frameworks */,
				554BF50A18F718E700AC2DE0 /* UIKit.framework in Frameworks */,
				554BF50918F718E700AC2DE0 /* Foundation.framework in Frameworks */,
				C9FC0CED214BF55641415D9F /* Pods_DBGHTMLEntitiesExampleTests.framework in Frameworks */,
			);
			runOnlyForDeploymentPostprocessing = 0;
		};
/* End PBXFrameworksBuildPhase section */

/* Begin PBXGroup section */
		554BF4E218F718E600AC2DE0 = {
			isa = PBXGroup;
			children = (
				554BF52318F722CF00AC2DE0 /* DBGHTMLEntities */,
				554BF4F418F718E600AC2DE0 /* DBGHTMLEntitiesExample */,
				554BF50D18F718E700AC2DE0 /* DBGHTMLEntitiesExampleTests */,
				554BF4ED18F718E600AC2DE0 /* Frameworks */,
				554BF4EC18F718E600AC2DE0 /* Products */,
				6103A66A36C038A09DCF26F7 /* Pods */,
			);
			sourceTree = "<group>";
		};
		554BF4EC18F718E600AC2DE0 /* Products */ = {
			isa = PBXGroup;
			children = (
				554BF4EB18F718E600AC2DE0 /* DBGHTMLEntitiesExample.app */,
				554BF50618F718E700AC2DE0 /* DBGHTMLEntitiesExampleTests.xctest */,
			);
			name = Products;
			sourceTree = "<group>";
		};
		554BF4ED18F718E600AC2DE0 /* Frameworks */ = {
			isa = PBXGroup;
			children = (
				554BF4EE18F718E600AC2DE0 /* Foundation.framework */,
				554BF4F018F718E600AC2DE0 /* CoreGraphics.framework */,
				554BF4F218F718E600AC2DE0 /* UIKit.framework */,
				554BF50718F718E700AC2DE0 /* XCTest.framework */,
				78B465E236D3414F11C270D4 /* Pods_DBGHTMLEntitiesExample.framework */,
				D3E78F46E47CF1ACDB1A8A42 /* Pods_DBGHTMLEntitiesExampleTests.framework */,
			);
			name = Frameworks;
			sourceTree = "<group>";
		};
		554BF4F418F718E600AC2DE0 /* DBGHTMLEntitiesExample */ = {
			isa = PBXGroup;
			children = (
				554BF4FD18F718E600AC2DE0 /* DBGAppDelegate.h */,
				554BF4FE18F718E600AC2DE0 /* DBGAppDelegate.m */,
				554BF53218F884F900AC2DE0 /* DBGExampleViewController.h */,
				554BF53318F884F900AC2DE0 /* DBGExampleViewController.m */,
				5513F53118FECDFA0029581D /* DBGLabels.h */,
				5513F53218FECDFA0029581D /* DBGLabels.m */,
				554BF50018F718E600AC2DE0 /* Images.xcassets */,
				2906CB4021DD52AB006D03AE /* LaunchScreen.storyboard */,
				554BF4F518F718E600AC2DE0 /* Supporting Files */,
			);
			path = DBGHTMLEntitiesExample;
			sourceTree = "<group>";
		};
		554BF4F518F718E600AC2DE0 /* Supporting Files */ = {
			isa = PBXGroup;
			children = (
				554BF4F618F718E600AC2DE0 /* DBGHTMLEntitiesExample-Info.plist */,
				554BF4F718F718E600AC2DE0 /* InfoPlist.strings */,
				554BF4FA18F718E600AC2DE0 /* main.m */,
				554BF4FC18F718E600AC2DE0 /* DBGHTMLEntitiesExample-Prefix.pch */,
			);
			name = "Supporting Files";
			sourceTree = "<group>";
		};
		554BF50D18F718E700AC2DE0 /* DBGHTMLEntitiesExampleTests */ = {
			isa = PBXGroup;
			children = (
				554BF52C18F7297500AC2DE0 /* DecodeMapSpec.m */,
				554BF51F18F7217A00AC2DE0 /* DecoderSpec.m */,
				55513FB718FC83C000EAF893 /* EncoderMapSpec.m */,
				55513FB118FC613F00EAF893 /* EncoderSpec.m */,
				55632C31190370C500AE50F1 /* RoundTripSpec.m */,
				554BF50E18F718E700AC2DE0 /* Supporting Files */,
			);
			path = DBGHTMLEntitiesExampleTests;
			sourceTree = "<group>";
		};
		554BF50E18F718E700AC2DE0 /* Supporting Files */ = {
			isa = PBXGroup;
			children = (
				554BF50F18F718E700AC2DE0 /* DBGHTMLEntitiesExampleTests-Info.plist */,
				554BF51018F718E700AC2DE0 /* InfoPlist.strings */,
			);
			name = "Supporting Files";
			sourceTree = "<group>";
		};
		554BF52318F722CF00AC2DE0 /* DBGHTMLEntities */ = {
			isa = PBXGroup;
			children = (
				554BF52818F7288C00AC2DE0 /* DBGHTMLEntityDecodeMap.h */,
				554BF52918F7288C00AC2DE0 /* DBGHTMLEntityDecodeMap.m */,
				5513F536190023BE0029581D /* DBGHTMLEntityDecoder+Private.h */,
				554BF52F18F744F500AC2DE0 /* DBGHTMLEntityDecoder.h */,
				554BF53018F744F500AC2DE0 /* DBGHTMLEntityDecoder.m */,
				55513FB518FC7E9300EAF893 /* DBGHTMLEntityEncodeMap.h */,
				55513FB618FC7E9300EAF893 /* DBGHTMLEntityEncodeMap.m */,
				5513F535190023690029581D /* DBGHTMLEntityEncoder+Private.h */,
				55513FB318FC643900EAF893 /* DBGHTMLEntityEncoder.h */,
				55513FB418FC643900EAF893 /* DBGHTMLEntityEncoder.m */,
			);
			name = DBGHTMLEntities;
			sourceTree = "<group>";
		};
		6103A66A36C038A09DCF26F7 /* Pods */ = {
			isa = PBXGroup;
			children = (
				62A4B0A28FDAE74BA6296B33 /* Pods-DBGHTMLEntitiesExample.debug.xcconfig */,
				A5156041412F593C132EF7AB /* Pods-DBGHTMLEntitiesExample.release.xcconfig */,
				07B716E5A89C5D419DDAE2EC /* Pods-DBGHTMLEntitiesExampleTests.debug.xcconfig */,
				9A247BEB2610883E3FECDED3 /* Pods-DBGHTMLEntitiesExampleTests.release.xcconfig */,
			);
			name = Pods;
			sourceTree = "<group>";
		};
/* End PBXGroup section */

/* Begin PBXNativeTarget section */
		554BF4EA18F718E600AC2DE0 /* DBGHTMLEntitiesExample */ = {
			isa = PBXNativeTarget;
			buildConfigurationList = 554BF51718F718E700AC2DE0 /* Build configuration list for PBXNativeTarget "DBGHTMLEntitiesExample" */;
			buildPhases = (
				463E6CFDF037C7FB32A736C9 /* [CP] Check Pods Manifest.lock */,
				554BF4E718F718E600AC2DE0 /* Sources */,
				554BF4E818F718E600AC2DE0 /* Frameworks */,
				554BF4E918F718E600AC2DE0 /* Resources */,
				13FC6DFEAC556580C5DABB3B /* [CP] Embed Pods Frameworks */,
			);
			buildRules = (
			);
			dependencies = (
			);
			name = DBGHTMLEntitiesExample;
			productName = DBGHTMLEntitiesExample;
			productReference = 554BF4EB18F718E600AC2DE0 /* DBGHTMLEntitiesExample.app */;
			productType = "com.apple.product-type.application";
		};
		554BF50518F718E700AC2DE0 /* DBGHTMLEntitiesExampleTests */ = {
			isa = PBXNativeTarget;
			buildConfigurationList = 554BF51A18F718E700AC2DE0 /* Build configuration list for PBXNativeTarget "DBGHTMLEntitiesExampleTests" */;
			buildPhases = (
				D97342C53C6A555CD0C2B3DE /* [CP] Check Pods Manifest.lock */,
				554BF50218F718E700AC2DE0 /* Sources */,
				554BF50318F718E700AC2DE0 /* Frameworks */,
				554BF50418F718E700AC2DE0 /* Resources */,
				DD89AE161C23A005658B9096 /* [CP] Embed Pods Frameworks */,
			);
			buildRules = (
			);
			dependencies = (
				554BF50C18F718E700AC2DE0 /* PBXTargetDependency */,
			);
			name = DBGHTMLEntitiesExampleTests;
			productName = DBGHTMLEntitiesExampleTests;
			productReference = 554BF50618F718E700AC2DE0 /* DBGHTMLEntitiesExampleTests.xctest */;
			productType = "com.apple.product-type.bundle.unit-test";
		};
/* End PBXNativeTarget section */

/* Begin PBXProject section */
		554BF4E318F718E600AC2DE0 /* Project object */ = {
			isa = PBXProject;
			attributes = {
				CLASSPREFIX = DBG;
				LastUpgradeCheck = 1010;
				ORGANIZATIONNAME = "David Grandinetti";
				TargetAttributes = {
					554BF50518F718E700AC2DE0 = {
						TestTargetID = 554BF4EA18F718E600AC2DE0;
					};
				};
			};
			buildConfigurationList = 554BF4E618F718E600AC2DE0 /* Build configuration list for PBXProject "DBGHTMLEntitiesExample" */;
			compatibilityVersion = "Xcode 3.2";
			developmentRegion = English;
			hasScannedForEncodings = 0;
			knownRegions = (
				en,
			);
			mainGroup = 554BF4E218F718E600AC2DE0;
			productRefGroup = 554BF4EC18F718E600AC2DE0 /* Products */;
			projectDirPath = "";
			projectRoot = "";
			targets = (
				554BF4EA18F718E600AC2DE0 /* DBGHTMLEntitiesExample */,
				554BF50518F718E700AC2DE0 /* DBGHTMLEntitiesExampleTests */,
			);
		};
/* End PBXProject section */

/* Begin PBXResourcesBuildPhase section */
		554BF4E918F718E600AC2DE0 /* Resources */ = {
			isa = PBXResourcesBuildPhase;
			buildActionMask = 2147483647;
			files = (
				2906CB4121DD52AB006D03AE /* LaunchScreen.storyboard in Resources */,
				554BF4F918F718E600AC2DE0 /* InfoPlist.strings in Resources */,
				554BF50118F718E600AC2DE0 /* Images.xcassets in Resources */,
			);
			runOnlyForDeploymentPostprocessing = 0;
		};
		554BF50418F718E700AC2DE0 /* Resources */ = {
			isa = PBXResourcesBuildPhase;
			buildActionMask = 2147483647;
			files = (
				554BF51218F718E700AC2DE0 /* InfoPlist.strings in Resources */,
			);
			runOnlyForDeploymentPostprocessing = 0;
		};
/* End PBXResourcesBuildPhase section */

/* Begin PBXShellScriptBuildPhase section */
		13FC6DFEAC556580C5DABB3B /* [CP] Embed Pods Frameworks */ = {
			isa = PBXShellScriptBuildPhase;
			buildActionMask = 2147483647;
			files = (
			);
			inputPaths = (
				"${PODS_ROOT}/Target Support Files/Pods-DBGHTMLEntitiesExample/Pods-DBGHTMLEntitiesExample-frameworks.sh",
				"${BUILT_PRODUCTS_DIR}/DBGHTMLEntities/DBGHTMLEntities.framework",
			);
			name = "[CP] Embed Pods Frameworks";
			outputPaths = (
				"${TARGET_BUILD_DIR}/${FRAMEWORKS_FOLDER_PATH}/DBGHTMLEntities.framework",
			);
			runOnlyForDeploymentPostprocessing = 0;
			shellPath = /bin/sh;
			shellScript = "\"${PODS_ROOT}/Target Support Files/Pods-DBGHTMLEntitiesExample/Pods-DBGHTMLEntitiesExample-frameworks.sh\"\n";
			showEnvVarsInLog = 0;
		};
		463E6CFDF037C7FB32A736C9 /* [CP] Check Pods Manifest.lock */ = {
			isa = PBXShellScriptBuildPhase;
			buildActionMask = 2147483647;
			files = (
			);
			inputFileListPaths = (
			);
			inputPaths = (
				"${PODS_PODFILE_DIR_PATH}/Podfile.lock",
				"${PODS_ROOT}/Manifest.lock",
			);
			name = "[CP] Check Pods Manifest.lock";
			outputFileListPaths = (
			);
			outputPaths = (
				"$(DERIVED_FILE_DIR)/Pods-DBGHTMLEntitiesExample-checkManifestLockResult.txt",
			);
			runOnlyForDeploymentPostprocessing = 0;
			shellPath = /bin/sh;
			shellScript = "diff \"${PODS_PODFILE_DIR_PATH}/Podfile.lock\" \"${PODS_ROOT}/Manifest.lock\" > /dev/null\nif [ $? != 0 ] ; then\n    # print error to STDERR\n    echo \"error: The sandbox is not in sync with the Podfile.lock. Run 'pod install' or update your CocoaPods installation.\" >&2\n    exit 1\nfi\n# This output is used by Xcode 'outputs' to avoid re-running this script phase.\necho \"SUCCESS\" > \"${SCRIPT_OUTPUT_FILE_0}\"\n";
			showEnvVarsInLog = 0;
		};
		D97342C53C6A555CD0C2B3DE /* [CP] Check Pods Manifest.lock */ = {
			isa = PBXShellScriptBuildPhase;
			buildActionMask = 2147483647;
			files = (
			);
			inputFileListPaths = (
			);
			inputPaths = (
				"${PODS_PODFILE_DIR_PATH}/Podfile.lock",
				"${PODS_ROOT}/Manifest.lock",
			);
			name = "[CP] Check Pods Manifest.lock";
			outputFileListPaths = (
			);
			outputPaths = (
				"$(DERIVED_FILE_DIR)/Pods-DBGHTMLEntitiesExampleTests-checkManifestLockResult.txt",
			);
			runOnlyForDeploymentPostprocessing = 0;
			shellPath = /bin/sh;
			shellScript = "diff \"${PODS_PODFILE_DIR_PATH}/Podfile.lock\" \"${PODS_ROOT}/Manifest.lock\" > /dev/null\nif [ $? != 0 ] ; then\n    # print error to STDERR\n    echo \"error: The sandbox is not in sync with the Podfile.lock. Run 'pod install' or update your CocoaPods installation.\" >&2\n    exit 1\nfi\n# This output is used by Xcode 'outputs' to avoid re-running this script phase.\necho \"SUCCESS\" > \"${SCRIPT_OUTPUT_FILE_0}\"\n";
			showEnvVarsInLog = 0;
		};
		DD89AE161C23A005658B9096 /* [CP] Embed Pods Frameworks */ = {
			isa = PBXShellScriptBuildPhase;
			buildActionMask = 2147483647;
			files = (
			);
			inputPaths = (
				"${PODS_ROOT}/Target Support Files/Pods-DBGHTMLEntitiesExampleTests/Pods-DBGHTMLEntitiesExampleTests-frameworks.sh",
				"${BUILT_PRODUCTS_DIR}/DBGHTMLEntities/DBGHTMLEntities.framework",
				"${BUILT_PRODUCTS_DIR}/Expecta/Expecta.framework",
				"${BUILT_PRODUCTS_DIR}/Specta/Specta.framework",
			);
			name = "[CP] Embed Pods Frameworks";
			outputPaths = (
				"${TARGET_BUILD_DIR}/${FRAMEWORKS_FOLDER_PATH}/DBGHTMLEntities.framework",
				"${TARGET_BUILD_DIR}/${FRAMEWORKS_FOLDER_PATH}/Expecta.framework",
				"${TARGET_BUILD_DIR}/${FRAMEWORKS_FOLDER_PATH}/Specta.framework",
			);
			runOnlyForDeploymentPostprocessing = 0;
			shellPath = /bin/sh;
			shellScript = "\"${PODS_ROOT}/Target Support Files/Pods-DBGHTMLEntitiesExampleTests/Pods-DBGHTMLEntitiesExampleTests-frameworks.sh\"\n";
			showEnvVarsInLog = 0;
		};
/* End PBXShellScriptBuildPhase section */

/* Begin PBXSourcesBuildPhase section */
		554BF4E718F718E600AC2DE0 /* Sources */ = {
			isa = PBXSourcesBuildPhase;
			buildActionMask = 2147483647;
			files = (
				554BF53418F884F900AC2DE0 /* DBGExampleViewController.m in Sources */,
				5513F53318FECDFA0029581D /* DBGLabels.m in Sources */,
				554BF4FF18F718E600AC2DE0 /* DBGAppDelegate.m in Sources */,
				554BF4FB18F718E600AC2DE0 /* main.m in Sources */,
			);
			runOnlyForDeploymentPostprocessing = 0;
		};
		554BF50218F718E700AC2DE0 /* Sources */ = {
			isa = PBXSourcesBuildPhase;
			buildActionMask = 2147483647;
			files = (
				55513FB818FC83C000EAF893 /* EncoderMapSpec.m in Sources */,
				554BF52E18F7297500AC2DE0 /* DecodeMapSpec.m in Sources */,
				554BF52018F7217A00AC2DE0 /* DecoderSpec.m in Sources */,
				55632C32190370C500AE50F1 /* RoundTripSpec.m in Sources */,
				55513FB218FC613F00EAF893 /* EncoderSpec.m in Sources */,
			);
			runOnlyForDeploymentPostprocessing = 0;
		};
/* End PBXSourcesBuildPhase section */

/* Begin PBXTargetDependency section */
		554BF50C18F718E700AC2DE0 /* PBXTargetDependency */ = {
			isa = PBXTargetDependency;
			target = 554BF4EA18F718E600AC2DE0 /* DBGHTMLEntitiesExample */;
			targetProxy = 554BF50B18F718E700AC2DE0 /* PBXContainerItemProxy */;
		};
/* End PBXTargetDependency section */

/* Begin PBXVariantGroup section */
		554BF4F718F718E600AC2DE0 /* InfoPlist.strings */ = {
			isa = PBXVariantGroup;
			children = (
				554BF4F818F718E600AC2DE0 /* en */,
			);
			name = InfoPlist.strings;
			sourceTree = "<group>";
		};
		554BF51018F718E700AC2DE0 /* InfoPlist.strings */ = {
			isa = PBXVariantGroup;
			children = (
				554BF51118F718E700AC2DE0 /* en */,
			);
			name = InfoPlist.strings;
			sourceTree = "<group>";
		};
/* End PBXVariantGroup section */

/* Begin XCBuildConfiguration section */
		554BF51518F718E700AC2DE0 /* Debug */ = {
			isa = XCBuildConfiguration;
			buildSettings = {
				ALWAYS_SEARCH_USER_PATHS = NO;
				CLANG_CXX_LANGUAGE_STANDARD = "gnu++0x";
				CLANG_CXX_LIBRARY = "libc++";
				CLANG_ENABLE_MODULES = YES;
				CLANG_ENABLE_OBJC_ARC = YES;
				CLANG_WARN_BLOCK_CAPTURE_AUTORELEASING = YES;
				CLANG_WARN_BOOL_CONVERSION = YES;
				CLANG_WARN_COMMA = YES;
				CLANG_WARN_CONSTANT_CONVERSION = YES;
				CLANG_WARN_DEPRECATED_OBJC_IMPLEMENTATIONS = YES;
				CLANG_WARN_DIRECT_OBJC_ISA_USAGE = YES_ERROR;
				CLANG_WARN_EMPTY_BODY = YES;
				CLANG_WARN_ENUM_CONVERSION = YES;
				CLANG_WARN_INFINITE_RECURSION = YES;
				CLANG_WARN_INT_CONVERSION = YES;
				CLANG_WARN_NON_LITERAL_NULL_CONVERSION = YES;
				CLANG_WARN_OBJC_IMPLICIT_RETAIN_SELF = YES;
				CLANG_WARN_OBJC_LITERAL_CONVERSION = YES;
				CLANG_WARN_OBJC_ROOT_CLASS = YES_ERROR;
				CLANG_WARN_RANGE_LOOP_ANALYSIS = YES;
				CLANG_WARN_STRICT_PROTOTYPES = YES;
				CLANG_WARN_SUSPICIOUS_MOVE = YES;
				CLANG_WARN_UNREACHABLE_CODE = YES;
				CLANG_WARN__DUPLICATE_METHOD_MATCH = YES;
				"CODE_SIGN_IDENTITY[sdk=iphoneos*]" = "iPhone Developer";
				COPY_PHASE_STRIP = NO;
				ENABLE_STRICT_OBJC_MSGSEND = YES;
				ENABLE_TESTABILITY = YES;
				GCC_C_LANGUAGE_STANDARD = gnu99;
				GCC_DYNAMIC_NO_PIC = NO;
				GCC_NO_COMMON_BLOCKS = YES;
				GCC_OPTIMIZATION_LEVEL = 0;
				GCC_PREPROCESSOR_DEFINITIONS = (
					"DEBUG=1",
					"$(inherited)",
				);
				GCC_SYMBOLS_PRIVATE_EXTERN = NO;
				GCC_WARN_64_TO_32_BIT_CONVERSION = YES;
				GCC_WARN_ABOUT_RETURN_TYPE = YES_ERROR;
				GCC_WARN_UNDECLARED_SELECTOR = YES;
				GCC_WARN_UNINITIALIZED_AUTOS = YES_AGGRESSIVE;
				GCC_WARN_UNUSED_FUNCTION = YES;
				GCC_WARN_UNUSED_VARIABLE = YES;
				IPHONEOS_DEPLOYMENT_TARGET = 11.0;
				ONLY_ACTIVE_ARCH = YES;
				SDKROOT = iphoneos;
			};
			name = Debug;
		};
		554BF51618F718E700AC2DE0 /* Release */ = {
			isa = XCBuildConfiguration;
			buildSettings = {
				ALWAYS_SEARCH_USER_PATHS = NO;
				CLANG_CXX_LANGUAGE_STANDARD = "gnu++0x";
				CLANG_CXX_LIBRARY = "libc++";
				CLANG_ENABLE_MODULES = YES;
				CLANG_ENABLE_OBJC_ARC = YES;
				CLANG_WARN_BLOCK_CAPTURE_AUTORELEASING = YES;
				CLANG_WARN_BOOL_CONVERSION = YES;
				CLANG_WARN_COMMA = YES;
				CLANG_WARN_CONSTANT_CONVERSION = YES;
				CLANG_WARN_DEPRECATED_OBJC_IMPLEMENTATIONS = YES;
				CLANG_WARN_DIRECT_OBJC_ISA_USAGE = YES_ERROR;
				CLANG_WARN_EMPTY_BODY = YES;
				CLANG_WARN_ENUM_CONVERSION = YES;
				CLANG_WARN_INFINITE_RECURSION = YES;
				CLANG_WARN_INT_CONVERSION = YES;
				CLANG_WARN_NON_LITERAL_NULL_CONVERSION = YES;
				CLANG_WARN_OBJC_IMPLICIT_RETAIN_SELF = YES;
				CLANG_WARN_OBJC_LITERAL_CONVERSION = YES;
				CLANG_WARN_OBJC_ROOT_CLASS = YES_ERROR;
				CLANG_WARN_RANGE_LOOP_ANALYSIS = YES;
				CLANG_WARN_STRICT_PROTOTYPES = YES;
				CLANG_WARN_SUSPICIOUS_MOVE = YES;
				CLANG_WARN_UNREACHABLE_CODE = YES;
				CLANG_WARN__DUPLICATE_METHOD_MATCH = YES;
				"CODE_SIGN_IDENTITY[sdk=iphoneos*]" = "iPhone Developer";
				COPY_PHASE_STRIP = YES;
				ENABLE_NS_ASSERTIONS = NO;
				ENABLE_STRICT_OBJC_MSGSEND = YES;
				GCC_C_LANGUAGE_STANDARD = gnu99;
				GCC_NO_COMMON_BLOCKS = YES;
				GCC_WARN_64_TO_32_BIT_CONVERSION = YES;
				GCC_WARN_ABOUT_RETURN_TYPE = YES_ERROR;
				GCC_WARN_UNDECLARED_SELECTOR = YES;
				GCC_WARN_UNINITIALIZED_AUTOS = YES_AGGRESSIVE;
				GCC_WARN_UNUSED_FUNCTION = YES;
				GCC_WARN_UNUSED_VARIABLE = YES;
				IPHONEOS_DEPLOYMENT_TARGET = 11.0;
				SDKROOT = iphoneos;
				VALIDATE_PRODUCT = YES;
			};
			name = Release;
		};
		554BF51818F718E700AC2DE0 /* Debug */ = {
			isa = XCBuildConfiguration;
			baseConfigurationReference = 62A4B0A28FDAE74BA6296B33 /* Pods-DBGHTMLEntitiesExample.debug.xcconfig */;
			buildSettings = {
				ASSETCATALOG_COMPILER_APPICON_NAME = AppIcon;
				GCC_PRECOMPILE_PREFIX_HEADER = YES;
				GCC_PREFIX_HEADER = "DBGHTMLEntitiesExample/DBGHTMLEntitiesExample-Prefix.pch";
				INFOPLIST_FILE = "DBGHTMLEntitiesExample/DBGHTMLEntitiesExample-Info.plist";
				PRODUCT_BUNDLE_IDENTIFIER = "com.wegoto12.${PRODUCT_NAME:rfc1034identifier}";
				PRODUCT_NAME = "$(TARGET_NAME)";
				WRAPPER_EXTENSION = app;
			};
			name = Debug;
		};
		554BF51918F718E700AC2DE0 /* Release */ = {
			isa = XCBuildConfiguration;
			baseConfigurationReference = A5156041412F593C132EF7AB /* Pods-DBGHTMLEntitiesExample.release.xcconfig */;
			buildSettings = {
				ASSETCATALOG_COMPILER_APPICON_NAME = AppIcon;
				GCC_PRECOMPILE_PREFIX_HEADER = YES;
				GCC_PREFIX_HEADER = "DBGHTMLEntitiesExample/DBGHTMLEntitiesExample-Prefix.pch";
				INFOPLIST_FILE = "DBGHTMLEntitiesExample/DBGHTMLEntitiesExample-Info.plist";
				PRODUCT_BUNDLE_IDENTIFIER = "com.wegoto12.${PRODUCT_NAME:rfc1034identifier}";
				PRODUCT_NAME = "$(TARGET_NAME)";
				WRAPPER_EXTENSION = app;
			};
			name = Release;
		};
		554BF51B18F718E700AC2DE0 /* Debug */ = {
			isa = XCBuildConfiguration;
			baseConfigurationReference = 07B716E5A89C5D419DDAE2EC /* Pods-DBGHTMLEntitiesExampleTests.debug.xcconfig */;
			buildSettings = {
				BUNDLE_LOADER = "$(BUILT_PRODUCTS_DIR)/DBGHTMLEntitiesExample.app/DBGHTMLEntitiesExample";
				GCC_PRECOMPILE_PREFIX_HEADER = YES;
				GCC_PREFIX_HEADER = "DBGHTMLEntitiesExample/DBGHTMLEntitiesExample-Prefix.pch";
				GCC_PREPROCESSOR_DEFINITIONS = (
					"DEBUG=1",
					"$(inherited)",
				);
				INFOPLIST_FILE = "DBGHTMLEntitiesExampleTests/DBGHTMLEntitiesExampleTests-Info.plist";
				PRODUCT_BUNDLE_IDENTIFIER = "com.wegoto12.${PRODUCT_NAME:rfc1034identifier}";
				PRODUCT_NAME = "$(TARGET_NAME)";
				TEST_HOST = "$(BUNDLE_LOADER)";
				WRAPPER_EXTENSION = xctest;
			};
			name = Debug;
		};
		554BF51C18F718E700AC2DE0 /* Release */ = {
			isa = XCBuildConfiguration;
			baseConfigurationReference = 9A247BEB2610883E3FECDED3 /* Pods-DBGHTMLEntitiesExampleTests.release.xcconfig */;
			buildSettings = {
				BUNDLE_LOADER = "$(BUILT_PRODUCTS_DIR)/DBGHTMLEntitiesExample.app/DBGHTMLEntitiesExample";
				GCC_PRECOMPILE_PREFIX_HEADER = YES;
				GCC_PREFIX_HEADER = "DBGHTMLEntitiesExample/DBGHTMLEntitiesExample-Prefix.pch";
				INFOPLIST_FILE = "DBGHTMLEntitiesExampleTests/DBGHTMLEntitiesExampleTests-Info.plist";
				PRODUCT_BUNDLE_IDENTIFIER = "com.wegoto12.${PRODUCT_NAME:rfc1034identifier}";
				PRODUCT_NAME = "$(TARGET_NAME)";
				TEST_HOST = "$(BUNDLE_LOADER)";
				WRAPPER_EXTENSION = xctest;
			};
			name = Release;
		};
/* End XCBuildConfiguration section */

/* Begin XCConfigurationList section */
		554BF4E618F718E600AC2DE0 /* Build configuration list for PBXProject "DBGHTMLEntitiesExample" */ = {
			isa = XCConfigurationList;
			buildConfigurations = (
				554BF51518F718E700AC2DE0 /* Debug */,
				554BF51618F718E700AC2DE0 /* Release */,
			);
			defaultConfigurationIsVisible = 0;
			defaultConfigurationName = Release;
		};
		554BF51718F718E700AC2DE0 /* Build configuration list for PBXNativeTarget "DBGHTMLEntitiesExample" */ = {
			isa = XCConfigurationList;
			buildConfigurations = (
				554BF51818F718E700AC2DE0 /* Debug */,
				554BF51918F718E700AC2DE0 /* Release */,
			);
			defaultConfigurationIsVisible = 0;
			defaultConfigurationName = Release;
		};
		554BF51A18F718E700AC2DE0 /* Build configuration list for PBXNativeTarget "DBGHTMLEntitiesExampleTests" */ = {
			isa = XCConfigurationList;
			buildConfigurations = (
				554BF51B18F718E700AC2DE0 /* Debug */,
				554BF51C18F718E700AC2DE0 /* Release */,
			);
			defaultConfigurationIsVisible = 0;
			defaultConfigurationName = Release;
		};
/* End XCConfigurationList section */
	};
	rootObject = 554BF4E318F718E600AC2DE0 /* Project object */;
}
